
Microsoft Visual Studio Solution File, Format Version 12.00
# Visual Studio Version 17
VisualStudioVersion = 17.11.35208.52
MinimumVisualStudioVersion = 10.0.40219.1
Project("{9A19103F-16F7-4668-BE54-9A1E7A4F7556}") = "Model", "Model\Model.csproj", "{FA964C1C-C11F-49D8-A68D-73B2696A93BF}"
EndProject
Project("{FAE04EC0-301F-11D3-BF4B-00C04F79EFBC}") = "TemperaturaAPI", "TemperaturaAPI\TemperaturaAPI.csproj", "{D5473BF5-1A7A-4814-9C1D-560A1769F634}"
EndProject
Global
	GlobalSection(SolutionConfigurationPlatforms) = preSolution
		Debug|Any CPU = Debug|Any CPU
		Release|Any CPU = Release|Any CPU
	EndGlobalSection
	GlobalSection(ProjectConfigurationPlatforms) = postSolution
		{FA964C1C-C11F-49D8-A68D-73B2696A93BF}.Debug|Any CPU.ActiveCfg = Debug|Any CPU
		{FA964C1C-C11F-49D8-A68D-73B2696A93BF}.Debug|Any CPU.Build.0 = Debug|Any CPU
		{FA964C1C-C11F-49D8-A68D-73B2696A93BF}.Release|Any CPU.ActiveCfg = Release|Any CPU
		{FA964C1C-C11F-49D8-A68D-73B2696A93BF}.Release|Any CPU.Build.0 = Release|Any CPU
		{D5473BF5-1A7A-4814-9C1D-560A1769F634}.Debug|Any CPU.ActiveCfg = Debug|Any CPU
		{D5473BF5-1A7A-4814-9C1D-560A1769F634}.Debug|Any CPU.Build.0 = Debug|Any CPU
		{D5473BF5-1A7A-4814-9C1D-560A1769F634}.Release|Any CPU.ActiveCfg = Release|Any CPU
		{D5473BF5-1A7A-4814-9C1D-560A1769F634}.Release|Any CPU.Build.0 = Release|Any CPU
	EndGlobalSection
	GlobalSection(SolutionProperties) = preSolution
		HideSolutionNode = FALSE
	EndGlobalSection
	GlobalSection(ExtensibilityGlobals) = postSolution
		SolutionGuid = {BAAEB1EC-EDAC-49C8-9311-9AFBADC8E2CA}
	EndGlobalSection
EndGlobal
